
Microsoft Visual Studio Solution File, Format Version 12.00
# Visual Studio Version 17
VisualStudioVersion = 17.0.31903.59
MinimumVisualStudioVersion = 10.0.40219.1
Project("{FAE04EC0-301F-11D3-BF4B-00C04F79EFBC}") = "Noctis", "src\Noctis\Noctis.csproj", "{A1B2C3D4-E5F6-7890-ABCD-EF1234567890}"
EndProject
Project("{FAE04EC0-301F-11D3-BF4B-00C04F79EFBC}") = "Noctis.Tests", "tests\Noctis.Tests\Noctis.Tests.csproj", "{B2C3D4E5-F607-890A-BCDE-F01234567890}"
EndProject
Project("{FAE04EC0-301F-11D3-BF4B-00C04F79EFBC}") = "Noctis.Plugins.Abstractions", "src\Noctis.Plugins.Abstractions\Noctis.Plugins.Abstractions.csproj", "{C3D4E5F6-0718-49AB-CDEF-012345678901}"
EndProject
Project("{FAE04EC0-301F-11D3-BF4B-00C04F79EFBC}") = "Noctis.SamplePlugin", "samples\Noctis.SamplePlugin\Noctis.SamplePlugin.csproj", "{D4E5F607-1829-4ABC-DEF0-123456789012}"
EndProject
Project("{FAE04EC0-301F-11D3-BF4B-00C04F79EFBC}") = "Noctis.Plugins.Kawarp", "plugins\Noctis.Plugins.Kawarp\Noctis.Plugins.Kawarp.csproj", "{E5F60718-293A-4BCD-EF01-234567890123}"
EndProject
Project("{2150E333-8FDC-42A3-9474-1A3956D46DE8}") = "src", "src", "{827E0CD3-B72D-47B6-A68D-7590B98EB39B}"
EndProject
Project("{FAE04EC0-301F-11D3-BF4B-00C04F79EFBC}") = "Noctis.Core", "src\Noctis.Core\Noctis.Core.csproj", "{44F0DA28-A1DE-444B-A658-CB4CFFF825D1}"
EndProject
Project("{FAE04EC0-301F-11D3-BF4B-00C04F79EFBC}") = "Noctis.Server", "src\Noctis.Server\Noctis.Server.csproj", "{2B231584-1C32-4EF4-8406-CC7816F1D5D8}"
EndProject
Project("{FAE04EC0-301F-11D3-BF4B-00C04F79EFBC}") = "Noctis.Core.Server", "src\Noctis.Core.Server\Noctis.Core.Server.csproj", "{9F156921-471A-4AD5-9995-84CE1DD423F1}"
EndProject
Project("{FAE04EC0-301F-11D3-BF4B-00C04F79EFBC}") = "Noctis.UI", "src\Noctis.UI\Noctis.UI.csproj", "{80915E24-B860-4A35-B733-0269CA1A3B04}"
EndProject
Project("{FAE04EC0-301F-11D3-BF4B-00C04F79EFBC}") = "Noctis.Android", "src\Noctis.Android\Noctis.Android.csproj", "{DC3804AF-A015-4D71-B1BA-40EBC664096B}"
EndProject
Project("{FAE04EC0-301F-11D3-BF4B-00C04F79EFBC}") = "Noctis.Mobile", "src\Noctis.Mobile\Noctis.Mobile.csproj", "{E14852B4-7046-4A5A-95A8-3FD09AFDDCD0}"
EndProject
Project("{FAE04EC0-301F-11D3-BF4B-00C04F79EFBC}") = "Noctis.SamplePlugin.TrackTools", "samples\Noctis.SamplePlugin.TrackTools\Noctis.SamplePlugin.TrackTools.csproj", "{A7F4F3BA-F8A3-4F2F-A589-BDC6F9FBBE68}"
EndProject
Global
	GlobalSection(SolutionConfigurationPlatforms) = preSolution
		Debug|Any CPU = Debug|Any CPU
		Debug|x64 = Debug|x64
		Debug|x86 = Debug|x86
		Release|Any CPU = Release|Any CPU
		Release|x64 = Release|x64
		Release|x86 = Release|x86
	EndGlobalSection
	GlobalSection(ProjectConfigurationPlatforms) = postSolution
		{A1B2C3D4-E5F6-7890-ABCD-EF1234567890}.Debug|Any CPU.ActiveCfg = Debug|Any CPU
		{A1B2C3D4-E5F6-7890-ABCD-EF1234567890}.Debug|Any CPU.Build.0 = Debug|Any CPU
		{A1B2C3D4-E5F6-7890-ABCD-EF1234567890}.Debug|x64.ActiveCfg = Debug|Any CPU
		{A1B2C3D4-E5F6-7890-ABCD-EF1234567890}.Debug|x64.Build.0 = Debug|Any CPU
		{A1B2C3D4-E5F6-7890-ABCD-EF1234567890}.Debug|x86.ActiveCfg = Debug|Any CPU
		{A1B2C3D4-E5F6-7890-ABCD-EF1234567890}.Debug|x86.Build.0 = Debug|Any CPU
		{A1B2C3D4-E5F6-7890-ABCD-EF1234567890}.Release|Any CPU.ActiveCfg = Release|Any CPU
		{A1B2C3D4-E5F6-7890-ABCD-EF1234567890}.Release|Any CPU.Build.0 = Release|Any CPU
		{A1B2C3D4-E5F6-7890-ABCD-EF1234567890}.Release|x64.ActiveCfg = Release|Any CPU
		{A1B2C3D4-E5F6-7890-ABCD-EF1234567890}.Release|x64.Build.0 = Release|Any CPU
		{A1B2C3D4-E5F6-7890-ABCD-EF1234567890}.Release|x86.ActiveCfg = Release|Any CPU
		{A1B2C3D4-E5F6-7890-ABCD-EF1234567890}.Release|x86.Build.0 = Release|Any CPU
		{B2C3D4E5-F607-890A-BCDE-F01234567890}.Debug|Any CPU.ActiveCfg = Debug|Any CPU
		{B2C3D4E5-F607-890A-BCDE-F01234567890}.Debug|Any CPU.Build.0 = Debug|Any CPU
		{B2C3D4E5-F607-890A-BCDE-F01234567890}.Debug|x64.ActiveCfg = Debug|Any CPU
		{B2C3D4E5-F607-890A-BCDE-F01234567890}.Debug|x64.Build.0 = Debug|Any CPU
		{B2C3D4E5-F607-890A-BCDE-F01234567890}.Debug|x86.ActiveCfg = Debug|Any CPU
		{B2C3D4E5-F607-890A-BCDE-F01234567890}.Debug|x86.Build.0 = Debug|Any CPU
		{B2C3D4E5-F607-890A-BCDE-F01234567890}.Release|Any CPU.ActiveCfg = Release|Any CPU
		{B2C3D4E5-F607-890A-BCDE-F01234567890}.Release|Any CPU.Build.0 = Release|Any CPU
		{B2C3D4E5-F607-890A-BCDE-F01234567890}.Release|x64.ActiveCfg = Release|Any CPU
		{B2C3D4E5-F607-890A-BCDE-F01234567890}.Release|x64.Build.0 = Release|Any CPU
		{B2C3D4E5-F607-890A-BCDE-F01234567890}.Release|x86.ActiveCfg = Release|Any CPU
		{B2C3D4E5-F607-890A-BCDE-F01234567890}.Release|x86.Build.0 = Release|Any CPU
		{C3D4E5F6-0718-49AB-CDEF-012345678901}.Debug|Any CPU.ActiveCfg = Debug|Any CPU
		{C3D4E5F6-0718-49AB-CDEF-012345678901}.Debug|Any CPU.Build.0 = Debug|Any CPU
		{C3D4E5F6-0718-49AB-CDEF-012345678901}.Debug|x64.ActiveCfg = Debug|Any CPU
		{C3D4E5F6-0718-49AB-CDEF-012345678901}.Debug|x64.Build.0 = Debug|Any CPU
		{C3D4E5F6-0718-49AB-CDEF-012345678901}.Debug|x86.ActiveCfg = Debug|Any CPU
		{C3D4E5F6-0718-49AB-CDEF-012345678901}.Debug|x86.Build.0 = Debug|Any CPU
		{C3D4E5F6-0718-49AB-CDEF-012345678901}.Release|Any CPU.ActiveCfg = Release|Any CPU
		{C3D4E5F6-0718-49AB-CDEF-012345678901}.Release|Any CPU.Build.0 = Release|Any CPU
		{C3D4E5F6-0718-49AB-CDEF-012345678901}.Release|x64.ActiveCfg = Release|Any CPU
		{C3D4E5F6-0718-49AB-CDEF-012345678901}.Release|x64.Build.0 = Release|Any CPU
		{C3D4E5F6-0718-49AB-CDEF-012345678901}.Release|x86.ActiveCfg = Release|Any CPU
		{C3D4E5F6-0718-49AB-CDEF-012345678901}.Release|x86.Build.0 = Release|Any CPU
		{D4E5F607-1829-4ABC-DEF0-123456789012}.Debug|Any CPU.ActiveCfg = Debug|Any CPU
		{D4E5F607-1829-4ABC-DEF0-123456789012}.Debug|Any CPU.Build.0 = Debug|Any CPU
		{D4E5F607-1829-4ABC-DEF0-123456789012}.Debug|x64.ActiveCfg = Debug|Any CPU
		{D4E5F607-1829-4ABC-DEF0-123456789012}.Debug|x64.Build.0 = Debug|Any CPU
		{D4E5F607-1829-4ABC-DEF0-123456789012}.Debug|x86.ActiveCfg = Debug|Any CPU
		{D4E5F607-1829-4ABC-DEF0-123456789012}.Debug|x86.Build.0 = Debug|Any CPU
		{D4E5F607-1829-4ABC-DEF0-123456789012}.Release|Any CPU.ActiveCfg = Release|Any CPU
		{D4E5F607-1829-4ABC-DEF0-123456789012}.Release|Any CPU.Build.0 = Release|Any CPU
		{D4E5F607-1829-4ABC-DEF0-123456789012}.Release|x64.ActiveCfg = Release|Any CPU
		{D4E5F607-1829-4ABC-DEF0-123456789012}.Release|x64.Build.0 = Release|Any CPU
		{D4E5F607-1829-4ABC-DEF0-123456789012}.Release|x86.ActiveCfg = Release|Any CPU
		{D4E5F607-1829-4ABC-DEF0-123456789012}.Release|x86.Build.0 = Release|Any CPU
		{E5F60718-293A-4BCD-EF01-234567890123}.Debug|Any CPU.ActiveCfg = Debug|Any CPU
		{E5F60718-293A-4BCD-EF01-234567890123}.Debug|Any CPU.Build.0 = Debug|Any CPU
		{E5F60718-293A-4BCD-EF01-234567890123}.Debug|x64.ActiveCfg = Debug|Any CPU
		{E5F60718-293A-4BCD-EF01-234567890123}.Debug|x64.Build.0 = Debug|Any CPU
		{E5F60718-293A-4BCD-EF01-234567890123}.Debug|x86.ActiveCfg = Debug|Any CPU
		{E5F60718-293A-4BCD-EF01-234567890123}.Debug|x86.Build.0 = Debug|Any CPU
		{E5F60718-293A-4BCD-EF01-234567890123}.Release|Any CPU.ActiveCfg = Release|Any CPU
		{E5F60718-293A-4BCD-EF01-234567890123}.Release|Any CPU.Build.0 = Release|Any CPU
		{E5F60718-293A-4BCD-EF01-234567890123}.Release|x64.ActiveCfg = Release|Any CPU
		{E5F60718-293A-4BCD-EF01-234567890123}.Release|x64.Build.0 = Release|Any CPU
		{E5F60718-293A-4BCD-EF01-234567890123}.Release|x86.ActiveCfg = Release|Any CPU
		{E5F60718-293A-4BCD-EF01-234567890123}.Release|x86.Build.0 = Release|Any CPU
		{44F0DA28-A1DE-444B-A658-CB4CFFF825D1}.Debug|Any CPU.ActiveCfg = Debug|Any CPU
		{44F0DA28-A1DE-444B-A658-CB4CFFF825D1}.Debug|Any CPU.Build.0 = Debug|Any CPU
		{44F0DA28-A1DE-444B-A658-CB4CFFF825D1}.Debug|x64.ActiveCfg = Debug|Any CPU
		{44F0DA28-A1DE-444B-A658-CB4CFFF825D1}.Debug|x64.Build.0 = Debug|Any CPU
		{44F0DA28-A1DE-444B-A658-CB4CFFF825D1}.Debug|x86.ActiveCfg = Debug|Any CPU
		{44F0DA28-A1DE-444B-A658-CB4CFFF825D1}.Debug|x86.Build.0 = Debug|Any CPU
		{44F0DA28-A1DE-444B-A658-CB4CFFF825D1}.Release|Any CPU.ActiveCfg = Release|Any CPU
		{44F0DA28-A1DE-444B-A658-CB4CFFF825D1}.Release|Any CPU.Build.0 = Release|Any CPU
		{44F0DA28-A1DE-444B-A658-CB4CFFF825D1}.Release|x64.ActiveCfg = Release|Any CPU
		{44F0DA28-A1DE-444B-A658-CB4CFFF825D1}.Release|x64.Build.0 = Release|Any CPU
		{44F0DA28-A1DE-444B-A658-CB4CFFF825D1}.Release|x86.ActiveCfg = Release|Any CPU
		{44F0DA28-A1DE-444B-A658-CB4CFFF825D1}.Release|x86.Build.0 = Release|Any CPU
		{2B231584-1C32-4EF4-8406-CC7816F1D5D8}.Debug|Any CPU.ActiveCfg = Debug|Any CPU
		{2B231584-1C32-4EF4-8406-CC7816F1D5D8}.Debug|Any CPU.Build.0 = Debug|Any CPU
		{2B231584-1C32-4EF4-8406-CC7816F1D5D8}.Debug|x64.ActiveCfg = Debug|Any CPU
		{2B231584-1C32-4EF4-8406-CC7816F1D5D8}.Debug|x64.Build.0 = Debug|Any CPU
		{2B231584-1C32-4EF4-8406-CC7816F1D5D8}.Debug|x86.ActiveCfg = Debug|Any CPU
		{2B231584-1C32-4EF4-8406-CC7816F1D5D8}.Debug|x86.Build.0 = Debug|Any CPU
		{2B231584-1C32-4EF4-8406-CC7816F1D5D8}.Release|Any CPU.ActiveCfg = Release|Any CPU
		{2B231584-1C32-4EF4-8406-CC7816F1D5D8}.Release|Any CPU.Build.0 = Release|Any CPU
		{2B231584-1C32-4EF4-8406-CC7816F1D5D8}.Release|x64.ActiveCfg = Release|Any CPU
		{2B231584-1C32-4EF4-8406-CC7816F1D5D8}.Release|x64.Build.0 = Release|Any CPU
		{2B231584-1C32-4EF4-8406-CC7816F1D5D8}.Release|x86.ActiveCfg = Release|Any CPU
		{2B231584-1C32-4EF4-8406-CC7816F1D5D8}.Release|x86.Build.0 = Release|Any CPU
		{9F156921-471A-4AD5-9995-84CE1DD423F1}.Debug|Any CPU.ActiveCfg = Debug|Any CPU
		{9F156921-471A-4AD5-9995-84CE1DD423F1}.Debug|Any CPU.Build.0 = Debug|Any CPU
		{9F156921-471A-4AD5-9995-84CE1DD423F1}.Debug|x64.ActiveCfg = Debug|Any CPU
		{9F156921-471A-4AD5-9995-84CE1DD423F1}.Debug|x64.Build.0 = Debug|Any CPU
		{9F156921-471A-4AD5-9995-84CE1DD423F1}.Debug|x86.ActiveCfg = Debug|Any CPU
		{9F156921-471A-4AD5-9995-84CE1DD423F1}.Debug|x86.Build.0 = Debug|Any CPU
		{9F156921-471A-4AD5-9995-84CE1DD423F1}.Release|Any CPU.ActiveCfg = Release|Any CPU
		{9F156921-471A-4AD5-9995-84CE1DD423F1}.Release|Any CPU.Build.0 = Release|Any CPU
		{9F156921-471A-4AD5-9995-84CE1DD423F1}.Release|x64.ActiveCfg = Release|Any CPU
		{9F156921-471A-4AD5-9995-84CE1DD423F1}.Release|x64.Build.0 = Release|Any CPU
		{9F156921-471A-4AD5-9995-84CE1DD423F1}.Release|x86.ActiveCfg = Release|Any CPU
		{9F156921-471A-4AD5-9995-84CE1DD423F1}.Release|x86.Build.0 = Release|Any CPU
		{80915E24-B860-4A35-B733-0269CA1A3B04}.Debug|Any CPU.ActiveCfg = Debug|Any CPU
		{80915E24-B860-4A35-B733-0269CA1A3B04}.Debug|Any CPU.Build.0 = Debug|Any CPU
		{80915E24-B860-4A35-B733-0269CA1A3B04}.Debug|x64.ActiveCfg = Debug|Any CPU
		{80915E24-B860-4A35-B733-0269CA1A3B04}.Debug|x64.Build.0 = Debug|Any CPU
		{80915E24-B860-4A35-B733-0269CA1A3B04}.Debug|x86.ActiveCfg = Debug|Any CPU
		{80915E24-B860-4A35-B733-0269CA1A3B04}.Debug|x86.Build.0 = Debug|Any CPU
		{80915E24-B860-4A35-B733-0269CA1A3B04}.Release|Any CPU.ActiveCfg = Release|Any CPU
		{80915E24-B860-4A35-B733-0269CA1A3B04}.Release|Any CPU.Build.0 = Release|Any CPU
		{80915E24-B860-4A35-B733-0269CA1A3B04}.Release|x64.ActiveCfg = Release|Any CPU
		{80915E24-B860-4A35-B733-0269CA1A3B04}.Release|x64.Build.0 = Release|Any CPU
		{80915E24-B860-4A35-B733-0269CA1A3B04}.Release|x86.ActiveCfg = Release|Any CPU
		{80915E24-B860-4A35-B733-0269CA1A3B04}.Release|x86.Build.0 = Release|Any CPU
		{DC3804AF-A015-4D71-B1BA-40EBC664096B}.Debug|Any CPU.ActiveCfg = Debug|Any CPU
		{DC3804AF-A015-4D71-B1BA-40EBC664096B}.Debug|Any CPU.Build.0 = Debug|Any CPU
		{DC3804AF-A015-4D71-B1BA-40EBC664096B}.Debug|x64.ActiveCfg = Debug|Any CPU
		{DC3804AF-A015-4D71-B1BA-40EBC664096B}.Debug|x64.Build.0 = Debug|Any CPU
		{DC3804AF-A015-4D71-B1BA-40EBC664096B}.Debug|x86.ActiveCfg = Debug|Any CPU
		{DC3804AF-A015-4D71-B1BA-40EBC664096B}.Debug|x86.Build.0 = Debug|Any CPU
		{DC3804AF-A015-4D71-B1BA-40EBC664096B}.Release|Any CPU.ActiveCfg = Release|Any CPU
		{DC3804AF-A015-4D71-B1BA-40EBC664096B}.Release|Any CPU.Build.0 = Release|Any CPU
		{DC3804AF-A015-4D71-B1BA-40EBC664096B}.Release|x64.ActiveCfg = Release|Any CPU
		{DC3804AF-A015-4D71-B1BA-40EBC664096B}.Release|x64.Build.0 = Release|Any CPU
		{DC3804AF-A015-4D71-B1BA-40EBC664096B}.Release|x86.ActiveCfg = Release|Any CPU
		{DC3804AF-A015-4D71-B1BA-40EBC664096B}.Release|x86.Build.0 = Release|Any CPU
		{E14852B4-7046-4A5A-95A8-3FD09AFDDCD0}.Debug|Any CPU.ActiveCfg = Debug|Any CPU
		{E14852B4-7046-4A5A-95A8-3FD09AFDDCD0}.Debug|Any CPU.Build.0 = Debug|Any CPU
		{E14852B4-7046-4A5A-95A8-3FD09AFDDCD0}.Debug|x64.ActiveCfg = Debug|Any CPU
		{E14852B4-7046-4A5A-95A8-3FD09AFDDCD0}.Debug|x64.Build.0 = Debug|Any CPU
		{E14852B4-7046-4A5A-95A8-3FD09AFDDCD0}.Debug|x86.ActiveCfg = Debug|Any CPU
		{E14852B4-7046-4A5A-95A8-3FD09AFDDCD0}.Debug|x86.Build.0 = Debug|Any CPU
		{E14852B4-7046-4A5A-95A8-3FD09AFDDCD0}.Release|Any CPU.ActiveCfg = Release|Any CPU
		{E14852B4-7046-4A5A-95A8-3FD09AFDDCD0}.Release|Any CPU.Build.0 = Release|Any CPU
		{E14852B4-7046-4A5A-95A8-3FD09AFDDCD0}.Release|x64.ActiveCfg = Release|Any CPU
		{E14852B4-7046-4A5A-95A8-3FD09AFDDCD0}.Release|x64.Build.0 = Release|Any CPU
		{E14852B4-7046-4A5A-95A8-3FD09AFDDCD0}.Release|x86.ActiveCfg = Release|Any CPU
		{E14852B4-7046-4A5A-95A8-3FD09AFDDCD0}.Release|x86.Build.0 = Release|Any CPU
		{A7F4F3BA-F8A3-4F2F-A589-BDC6F9FBBE68}.Debug|Any CPU.ActiveCfg = Debug|Any CPU
		{A7F4F3BA-F8A3-4F2F-A589-BDC6F9FBBE68}.Debug|Any CPU.Build.0 = Debug|Any CPU
		{A7F4F3BA-F8A3-4F2F-A589-BDC6F9FBBE68}.Debug|x64.ActiveCfg = Debug|Any CPU
		{A7F4F3BA-F8A3-4F2F-A589-BDC6F9FBBE68}.Debug|x64.Build.0 = Debug|Any CPU
		{A7F4F3BA-F8A3-4F2F-A589-BDC6F9FBBE68}.Debug|x86.ActiveCfg = Debug|Any CPU
		{A7F4F3BA-F8A3-4F2F-A589-BDC6F9FBBE68}.Debug|x86.Build.0 = Debug|Any CPU
		{A7F4F3BA-F8A3-4F2F-A589-BDC6F9FBBE68}.Release|Any CPU.ActiveCfg = Release|Any CPU
		{A7F4F3BA-F8A3-4F2F-A589-BDC6F9FBBE68}.Release|Any CPU.Build.0 = Release|Any CPU
		{A7F4F3BA-F8A3-4F2F-A589-BDC6F9FBBE68}.Release|x64.ActiveCfg = Release|Any CPU
		{A7F4F3BA-F8A3-4F2F-A589-BDC6F9FBBE68}.Release|x64.Build.0 = Release|Any CPU
		{A7F4F3BA-F8A3-4F2F-A589-BDC6F9FBBE68}.Release|x86.ActiveCfg = Release|Any CPU
		{A7F4F3BA-F8A3-4F2F-A589-BDC6F9FBBE68}.Release|x86.Build.0 = Release|Any CPU
	EndGlobalSection
	GlobalSection(SolutionProperties) = preSolution
		HideSolutionNode = FALSE
	EndGlobalSection
	GlobalSection(NestedProjects) = preSolution
		{44F0DA28-A1DE-444B-A658-CB4CFFF825D1} = {827E0CD3-B72D-47B6-A68D-7590B98EB39B}
		{2B231584-1C32-4EF4-8406-CC7816F1D5D8} = {827E0CD3-B72D-47B6-A68D-7590B98EB39B}
		{9F156921-471A-4AD5-9995-84CE1DD423F1} = {827E0CD3-B72D-47B6-A68D-7590B98EB39B}
		{80915E24-B860-4A35-B733-0269CA1A3B04} = {827E0CD3-B72D-47B6-A68D-7590B98EB39B}
		{DC3804AF-A015-4D71-B1BA-40EBC664096B} = {827E0CD3-B72D-47B6-A68D-7590B98EB39B}
		{E14852B4-7046-4A5A-95A8-3FD09AFDDCD0} = {827E0CD3-B72D-47B6-A68D-7590B98EB39B}
	EndGlobalSection
EndGlobal
